
Microsoft Visual Studio Solution File, Format Version 12.00
# Visual Studio Version 16
VisualStudioVersion = 16.0.29709.97
MinimumVisualStudioVersion = 10.0.40219.1
Project("{FAE04EC0-301F-11D3-BF4B-00C04F79EFBC}") = "CSSAPODataViewAndControllerGenerator", "CSSAPODataViewAndControllerGenerator\CSSAPODataViewAndControllerGenerator.csproj", "{34EB858E-C863-4375-8569-F9756A7C5868}"
EndProject
Global
	GlobalSection(SolutionConfigurationPlatforms) = preSolution
		Debug|Any CPU = Debug|Any CPU
		Release|Any CPU = Release|Any CPU
	EndGlobalSection
	GlobalSection(ProjectConfigurationPlatforms) = postSolution
		{34EB858E-C863-4375-8569-F9756A7C5868}.Debug|Any CPU.ActiveCfg = Debug|Any CPU
		{34EB858E-C863-4375-8569-F9756A7C5868}.Debug|Any CPU.Build.0 = Debug|Any CPU
		{34EB858E-C863-4375-8569-F9756A7C5868}.Release|Any CPU.ActiveCfg = Release|Any CPU
		{34EB858E-C863-4375-8569-F9756A7C5868}.Release|Any CPU.Build.0 = Release|Any CPU
	EndGlobalSection
	GlobalSection(SolutionProperties) = preSolution
		HideSolutionNode = FALSE
	EndGlobalSection
	GlobalSection(ExtensibilityGlobals) = postSolution
		SolutionGuid = {7F85D7D1-F4D8-431F-A1D2-0FB478C69179}
	EndGlobalSection
EndGlobal
